dependencies:
- name: memcached
  repository: oci://registry-1.docker.io/bitnamicharts
  version: 6.5.9
- name: redis
  repository: oci://registry-1.docker.io/bitnamicharts
  version: 17.11.3
- name: kafka
  repository: oci://registry-1.docker.io/bitnamicharts
  version: 27.1.2
- name: clickhouse
  repository: https://sentry-kubernetes.github.io/charts
  version: 3.7.1
- name: zookeeper
  repository: oci://registry-1.docker.io/bitnamicharts
  version: 12.0.0
- name: rabbitmq
  repository: oci://registry-1.docker.io/bitnamicharts
  version: 14.7.0
- name: postgresql
  repository: oci://registry-1.docker.io/bitnamicharts
  version: 12.5.1
- name: nginx
  repository: oci://registry-1.docker.io/bitnamicharts
  version: 18.1.11
digest: sha256:131b9d3e8d8558632dfbc73303556a65985fd185bc65e01c5dcd2e6eb55a9d65
generated: "2024-09-14T13:22:15.20647-04:00"
