dependencies:
- name: memcached
  repository: oci://registry-1.docker.io/bitnamicharts
  version: 6.5.9
- name: redis
  repository: oci://registry-1.docker.io/bitnamicharts
  version: 17.11.3
- name: kafka
  repository: oci://registry-1.docker.io/bitnamicharts
  version: 27.1.2
- name: clickhouse
  repository: https://sentry-kubernetes.github.io/charts
  version: 3.7.1
- name: zookeeper
  repository: oci://registry-1.docker.io/bitnamicharts
  version: 13.4.12
- name: rabbitmq
  repository: oci://registry-1.docker.io/bitnamicharts
  version: 14.7.0
- name: postgresql
  repository: oci://registry-1.docker.io/bitnamicharts
  version: 12.5.1
- name: nginx
  repository: oci://registry-1.docker.io/bitnamicharts
  version: 18.1.11
digest: sha256:4b02be006055f34669ca8172f7f4da790c0120114d475d5e0229d73fed01132d
generated: "2024-09-13T08:37:42.897183-04:00"
