dependencies:
- name: memcached
  repository: oci://registry-1.docker.io/bitnamicharts
  version: 6.5.9
- name: redis
  repository: oci://registry-1.docker.io/bitnamicharts
  version: 17.11.3
- name: kafka
  repository: oci://registry-1.docker.io/bitnamicharts
  version: 27.1.2
- name: clickhouse
  repository: https://sentry-kubernetes.github.io/charts
  version: 3.7.1
- name: zookeeper
  repository: oci://registry-1.docker.io/bitnamicharts
  version: 13.4.12
- name: rabbitmq
  repository: oci://registry-1.docker.io/bitnamicharts
  version: 11.16.2
- name: postgresql
  repository: oci://registry-1.docker.io/bitnamicharts
  version: 12.5.1
- name: nginx
  repository: oci://registry-1.docker.io/bitnamicharts
  version: 18.1.11
digest: sha256:2a7f0c3935c8ccf49e26c3a77ee69fb9609a71fccfc10db68240d8685419f926
generated: "2024-09-13T08:07:20.47095-04:00"
